{
  "name": "toyhauler-auth-client",
  "version": "1.0.11-25",
  "lockfileVersion": 1,
  "requires": true,
  "dependencies": {
    "@types/comment-json": {
      "version": "1.1.1",
      "resolved": "https://registry.npmjs.org/@types/comment-json/-/comment-json-1.1.1.tgz",
      "integrity": "sha512-U70oEqvnkeSSp8BIJwJclERtT13rd9ejK7XkIzMCQQePZe3VW1b7iQggXyW4ZvfGtGeXD0pZw24q5iWNe++HqQ=="
    },
    "axios": {
      "version": "0.19.0",
      "resolved": "https://registry.npmjs.org/axios/-/axios-0.19.0.tgz",
      "integrity": "sha512-1uvKqKQta3KBxIz14F2v06AEHZ/dIoeKfbTRkK1E5oqjDnuEerLmYTgJB5AiQZHJcljpg1TuRzdjDR06qNk0DQ==",
      "requires": {
        "follow-redirects": "1.5.10",
        "is-buffer": "^2.0.2"
      }
    },
    "comment-json": {
      "version": "2.1.0",
      "resolved": "https://registry.npmjs.org/comment-json/-/comment-json-2.1.0.tgz",
      "integrity": "sha512-OcO+nJnUtp29j9SwHVcP/F8t/9piiOQj7APXTj75cK/qFAgX7PtGV31ullzwZbBwiA5Rmj25C32FaFgwcu1Uwg==",
      "requires": {
        "core-util-is": "^1.0.2",
        "esprima": "^4.0.1",
        "has-own-prop": "^2.0.0",
        "repeat-string": "^1.6.1"
      }
    },
    "core-util-is": {
      "version": "1.0.2",
      "resolved": "https://registry.npmjs.org/core-util-is/-/core-util-is-1.0.2.tgz",
      "integrity": "sha1-tf1UIgqivFq1eqtxQMlAdUUDwac="
    },
    "debug": {
      "version": "3.1.0",
      "resolved": "https://registry.npmjs.org/debug/-/debug-3.1.0.tgz",
      "integrity": "sha512-OX8XqP7/1a9cqkxYw2yXss15f26NKWBpDXQd0/uK/KPqdQhxbPa994hnzjcE2VqQpDslf55723cKPUOGSmMY3g==",
      "requires": {
        "ms": "2.0.0"
      }
    },
    "esprima": {
      "version": "4.0.1",
      "resolved": "https://registry.npmjs.org/esprima/-/esprima-4.0.1.tgz",
      "integrity": "sha512-eGuFFw7Upda+g4p+QHvnW0RyTX/SVeJBDM/gCtMARO0cLuT2HcEKnTPvhjV6aGeqrCB/sbNop0Kszm0jsaWU4A=="
    },
    "follow-redirects": {
      "version": "1.5.10",
      "resolved": "https://registry.npmjs.org/follow-redirects/-/follow-redirects-1.5.10.tgz",
      "integrity": "sha512-0V5l4Cizzvqt5D44aTXbFZz+FtyXV1vrDN6qrelxtfYQKW0KO0W2T/hkE8xvGa/540LkZlkaUjO4ailYTFtHVQ==",
      "requires": {
        "debug": "=3.1.0"
      }
    },
    "get-port": {
      "version": "5.0.0",
      "resolved": "https://registry.npmjs.org/get-port/-/get-port-5.0.0.tgz",
      "integrity": "sha512-imzMU0FjsZqNa6BqOjbbW6w5BivHIuQKopjpPqcnx0AVHJQKCxK1O+Ab3OrVXhrekqfVMjwA9ZYu062R+KcIsQ==",
      "requires": {
        "type-fest": "^0.3.0"
      }
    },
    "has-own-prop": {
      "version": "2.0.0",
      "resolved": "https://registry.npmjs.org/has-own-prop/-/has-own-prop-2.0.0.tgz",
      "integrity": "sha512-Pq0h+hvsVm6dDEa8x82GnLSYHOzNDt7f0ddFa3FqcQlgzEiptPqL+XrOJNavjOzSYiYWIrgeVYYgGlLmnxwilQ=="
    },
    "is-buffer": {
      "version": "2.0.3",
      "resolved": "https://registry.npmjs.org/is-buffer/-/is-buffer-2.0.3.tgz",
      "integrity": "sha512-U15Q7MXTuZlrbymiz95PJpZxu8IlipAp4dtS3wOdgPXx3mqBnslrWU14kxfHB+Py/+2PVKSr37dMAgM2A4uArw=="
    },
    "ms": {
      "version": "2.0.0",
      "resolved": "https://registry.npmjs.org/ms/-/ms-2.0.0.tgz",
      "integrity": "sha1-VgiurfwAvmwpAd9fmGF4jeDVl8g="
    },
    "repeat-string": {
      "version": "1.6.1",
      "resolved": "https://registry.npmjs.org/repeat-string/-/repeat-string-1.6.1.tgz",
      "integrity": "sha1-jcrkcOHIirwtYA//Sndihtp15jc="
    },
    "toyhauler-common": {
      "version": "0.0.3-13",
      "resolved": "https://registry.npmjs.org/toyhauler-common/-/toyhauler-common-0.0.3-13.tgz",
      "integrity": "sha512-WDgjMlK4uUcCc6732tVAb/24qmZIznElxB8yd1AmvruBvlC7PwIs7TQYS66vvzR4rCXrBgnBy15haPTeTZQXAw==",
      "requires": {
        "get-port": "^5.0.0"
      }
    },
    "type-fest": {
      "version": "0.3.1",
      "resolved": "https://registry.npmjs.org/type-fest/-/type-fest-0.3.1.tgz",
      "integrity": "sha512-cUGJnCdr4STbePCgqNFbpVNCepa+kAVohJs1sLhxzdH+gnEoOd8VhbYa7pD3zZYGiURWM2xzEII3fQcRizDkYQ=="
    }
  }
}
