{
  "name": "toyhauler-auth-client",
  "version": "1.0.11-29",
  "lockfileVersion": 1,
  "requires": true,
  "dependencies": {
    "@types/comment-json": {
      "version": "1.1.1",
      "resolved": "https://registry.npmjs.org/@types/comment-json/-/comment-json-1.1.1.tgz",
      "integrity": "sha512-U70oEqvnkeSSp8BIJwJclERtT13rd9ejK7XkIzMCQQePZe3VW1b7iQggXyW4ZvfGtGeXD0pZw24q5iWNe++HqQ=="
    },
    "axios": {
      "version": "0.21.1",
      "resolved": "https://registry.npmjs.org/axios/-/axios-0.21.1.tgz",
      "integrity": "sha512-dKQiRHxGD9PPRIUNIWvZhPTPpl1rf/OxTYKsqKUDjBwYylTvV7SjSHJb9ratfyzM6wCdLCOYLzs73qpg5c4iGA==",
      "requires": {
        "follow-redirects": "^1.10.0"
      }
    },
    "comment-json": {
      "version": "2.1.0",
      "resolved": "https://registry.npmjs.org/comment-json/-/comment-json-2.1.0.tgz",
      "integrity": "sha512-OcO+nJnUtp29j9SwHVcP/F8t/9piiOQj7APXTj75cK/qFAgX7PtGV31ullzwZbBwiA5Rmj25C32FaFgwcu1Uwg==",
      "requires": {
        "core-util-is": "^1.0.2",
        "esprima": "^4.0.1",
        "has-own-prop": "^2.0.0",
        "repeat-string": "^1.6.1"
      }
    },
    "core-util-is": {
      "version": "1.0.2",
      "resolved": "https://registry.npmjs.org/core-util-is/-/core-util-is-1.0.2.tgz",
      "integrity": "sha1-tf1UIgqivFq1eqtxQMlAdUUDwac="
    },
    "esprima": {
      "version": "4.0.1",
      "resolved": "https://registry.npmjs.org/esprima/-/esprima-4.0.1.tgz",
      "integrity": "sha512-eGuFFw7Upda+g4p+QHvnW0RyTX/SVeJBDM/gCtMARO0cLuT2HcEKnTPvhjV6aGeqrCB/sbNop0Kszm0jsaWU4A=="
    },
    "follow-redirects": {
      "version": "1.13.1",
      "resolved": "https://registry.npmjs.org/follow-redirects/-/follow-redirects-1.13.1.tgz",
      "integrity": "sha512-SSG5xmZh1mkPGyKzjZP8zLjltIfpW32Y5QpdNJyjcfGxK3qo3NDDkZOZSFiGn1A6SclQxY9GzEwAHQ3dmYRWpg=="
    },
    "get-port": {
      "version": "5.0.0",
      "resolved": "https://registry.npmjs.org/get-port/-/get-port-5.0.0.tgz",
      "integrity": "sha512-imzMU0FjsZqNa6BqOjbbW6w5BivHIuQKopjpPqcnx0AVHJQKCxK1O+Ab3OrVXhrekqfVMjwA9ZYu062R+KcIsQ==",
      "requires": {
        "type-fest": "^0.3.0"
      }
    },
    "has-own-prop": {
      "version": "2.0.0",
      "resolved": "https://registry.npmjs.org/has-own-prop/-/has-own-prop-2.0.0.tgz",
      "integrity": "sha512-Pq0h+hvsVm6dDEa8x82GnLSYHOzNDt7f0ddFa3FqcQlgzEiptPqL+XrOJNavjOzSYiYWIrgeVYYgGlLmnxwilQ=="
    },
    "repeat-string": {
      "version": "1.6.1",
      "resolved": "https://registry.npmjs.org/repeat-string/-/repeat-string-1.6.1.tgz",
      "integrity": "sha1-jcrkcOHIirwtYA//Sndihtp15jc="
    },
    "toyhauler-common": {
      "version": "0.0.3-13",
      "resolved": "https://registry.npmjs.org/toyhauler-common/-/toyhauler-common-0.0.3-13.tgz",
      "integrity": "sha512-WDgjMlK4uUcCc6732tVAb/24qmZIznElxB8yd1AmvruBvlC7PwIs7TQYS66vvzR4rCXrBgnBy15haPTeTZQXAw==",
      "requires": {
        "get-port": "^5.0.0"
      }
    },
    "type-fest": {
      "version": "0.3.1",
      "resolved": "https://registry.npmjs.org/type-fest/-/type-fest-0.3.1.tgz",
      "integrity": "sha512-cUGJnCdr4STbePCgqNFbpVNCepa+kAVohJs1sLhxzdH+gnEoOd8VhbYa7pD3zZYGiURWM2xzEII3fQcRizDkYQ=="
    }
  }
}
